
Microsoft Visual Studio Solution File, Format Version 12.00
# Visual Studio Version 17
VisualStudioVersion = 17.0.31903.59
MinimumVisualStudioVersion = 10.0.40219.1
Project("{9A19103F-16F7-4668-BE54-9A1E7A4F7556}") = "CaWorkshop.WebUI", "CaWorkshop.WebUI\CaWorkshop.WebUI.csproj", "{37F20736-E74F-44BF-A123-AD339BE5A8C7}"
EndProject
Project("{2150E333-8FDC-42A3-9474-1A3956D46DE8}") = "Solution Items", "Solution Items", "{B6392395-7758-4CBE-B9E9-C359406A4B37}"
	ProjectSection(SolutionItems) = preProject
		.editorconfig = .editorconfig
		.gitignore = .gitignore
		global.json = global.json
		nuget.config = nuget.config
		README.md = README.md
	EndProjectSection
EndProject
Project("{FAE04EC0-301F-11D3-BF4B-00C04F79EFBC}") = "CaWorkshop.Domain", "CaWorkshop.Domain\CaWorkshop.Domain.csproj", "{76377FFF-F96F-48AD-89EA-535E6F770C34}"
EndProject
Project("{FAE04EC0-301F-11D3-BF4B-00C04F79EFBC}") = "CaWorkshop.Application", "CaWorkshop.Application\CaWorkshop.Application.csproj", "{8093A4CD-A49B-4954-BDA2-8FA6E3BB373B}"
EndProject
Project("{FAE04EC0-301F-11D3-BF4B-00C04F79EFBC}") = "CaWorkshop.Infrastructure", "CaWorkshop.Infrastructure\CaWorkshop.Infrastructure.csproj", "{DCA9CA1D-F968-457E-8959-64A16833F5EE}"
EndProject
Project("{FAE04EC0-301F-11D3-BF4B-00C04F79EFBC}") = "CaWorkshop.Application.UnitTests", "CaWorkshop.Application.UnitTests\CaWorkshop.Application.UnitTests.csproj", "{C793EEF6-B8A7-4688-82F6-9BD0027EDD8B}"
EndProject
Global
	GlobalSection(SolutionConfigurationPlatforms) = preSolution
		Debug|Any CPU = Debug|Any CPU
		Release|Any CPU = Release|Any CPU
	EndGlobalSection
	GlobalSection(ProjectConfigurationPlatforms) = postSolution
		{37F20736-E74F-44BF-A123-AD339BE5A8C7}.Debug|Any CPU.ActiveCfg = Debug|Any CPU
		{37F20736-E74F-44BF-A123-AD339BE5A8C7}.Debug|Any CPU.Build.0 = Debug|Any CPU
		{37F20736-E74F-44BF-A123-AD339BE5A8C7}.Release|Any CPU.ActiveCfg = Release|Any CPU
		{37F20736-E74F-44BF-A123-AD339BE5A8C7}.Release|Any CPU.Build.0 = Release|Any CPU
		{76377FFF-F96F-48AD-89EA-535E6F770C34}.Debug|Any CPU.ActiveCfg = Debug|Any CPU
		{76377FFF-F96F-48AD-89EA-535E6F770C34}.Debug|Any CPU.Build.0 = Debug|Any CPU
		{76377FFF-F96F-48AD-89EA-535E6F770C34}.Release|Any CPU.ActiveCfg = Release|Any CPU
		{76377FFF-F96F-48AD-89EA-535E6F770C34}.Release|Any CPU.Build.0 = Release|Any CPU
		{8093A4CD-A49B-4954-BDA2-8FA6E3BB373B}.Debug|Any CPU.ActiveCfg = Debug|Any CPU
		{8093A4CD-A49B-4954-BDA2-8FA6E3BB373B}.Debug|Any CPU.Build.0 = Debug|Any CPU
		{8093A4CD-A49B-4954-BDA2-8FA6E3BB373B}.Release|Any CPU.ActiveCfg = Release|Any CPU
		{8093A4CD-A49B-4954-BDA2-8FA6E3BB373B}.Release|Any CPU.Build.0 = Release|Any CPU
		{DCA9CA1D-F968-457E-8959-64A16833F5EE}.Debug|Any CPU.ActiveCfg = Debug|Any CPU
		{DCA9CA1D-F968-457E-8959-64A16833F5EE}.Debug|Any CPU.Build.0 = Debug|Any CPU
		{DCA9CA1D-F968-457E-8959-64A16833F5EE}.Release|Any CPU.ActiveCfg = Release|Any CPU
		{DCA9CA1D-F968-457E-8959-64A16833F5EE}.Release|Any CPU.Build.0 = Release|Any CPU
		{C793EEF6-B8A7-4688-82F6-9BD0027EDD8B}.Debug|Any CPU.ActiveCfg = Debug|Any CPU
		{C793EEF6-B8A7-4688-82F6-9BD0027EDD8B}.Debug|Any CPU.Build.0 = Debug|Any CPU
		{C793EEF6-B8A7-4688-82F6-9BD0027EDD8B}.Release|Any CPU.ActiveCfg = Release|Any CPU
		{C793EEF6-B8A7-4688-82F6-9BD0027EDD8B}.Release|Any CPU.Build.0 = Release|Any CPU
	EndGlobalSection
	GlobalSection(SolutionProperties) = preSolution
		HideSolutionNode = FALSE
	EndGlobalSection
	GlobalSection(ExtensibilityGlobals) = postSolution
		SolutionGuid = {5D5DEEF4-076A-427C-AEFF-D161F7A51839}
	EndGlobalSection
EndGlobal
